
Microsoft Visual Studio Solution File, Format Version 12.00
# Visual Studio Version 16
VisualStudioVersion = 16.0.30114.105
MinimumVisualStudioVersion = 10.0.40219.1
Project("{9A19103F-16F7-4668-BE54-9A1E7A4F7556}") = "Lab8", "Lab8\Lab8.csproj", "{FBE01B36-1776-4F22-8D7D-F58F34318412}"
EndProject
Project("{FAE04EC0-301F-11D3-BF4B-00C04F79EFBC}") = "Lab8new", "Lab8new\Lab8new.csproj", "{4A9F74F9-EB85-4455-A33C-60C91F9B8948}"
EndProject
Global
	GlobalSection(SolutionConfigurationPlatforms) = preSolution
		Debug|Any CPU = Debug|Any CPU
		Release|Any CPU = Release|Any CPU
	EndGlobalSection
	GlobalSection(ProjectConfigurationPlatforms) = postSolution
		{FBE01B36-1776-4F22-8D7D-F58F34318412}.Debug|Any CPU.ActiveCfg = Debug|Any CPU
		{FBE01B36-1776-4F22-8D7D-F58F34318412}.Debug|Any CPU.Build.0 = Debug|Any CPU
		{FBE01B36-1776-4F22-8D7D-F58F34318412}.Release|Any CPU.ActiveCfg = Release|Any CPU
		{FBE01B36-1776-4F22-8D7D-F58F34318412}.Release|Any CPU.Build.0 = Release|Any CPU
		{4A9F74F9-EB85-4455-A33C-60C91F9B8948}.Debug|Any CPU.ActiveCfg = Debug|Any CPU
		{4A9F74F9-EB85-4455-A33C-60C91F9B8948}.Debug|Any CPU.Build.0 = Debug|Any CPU
		{4A9F74F9-EB85-4455-A33C-60C91F9B8948}.Release|Any CPU.ActiveCfg = Release|Any CPU
		{4A9F74F9-EB85-4455-A33C-60C91F9B8948}.Release|Any CPU.Build.0 = Release|Any CPU
	EndGlobalSection
	GlobalSection(SolutionProperties) = preSolution
		HideSolutionNode = FALSE
	EndGlobalSection
	GlobalSection(ExtensibilityGlobals) = postSolution
		SolutionGuid = {B0DDCA5E-07D9-44C4-8DDE-A26F439B4A95}
	EndGlobalSection
EndGlobal
